
Microsoft Visual Studio Solution File, Format Version 12.00
# Visual Studio 15
Project("{FAE04EC0-301F-11D3-BF4B-00C04F79EFBC}") = "iOSTraining", "iOSTraining.csproj", "{60AC8108-D8D2-4777-BD78-DE9AE34341EE}"
EndProject
Global
	GlobalSection(SolutionConfigurationPlatforms) = preSolution
		Debug|iPhoneSimulator = Debug|iPhoneSimulator
		Release|iPhoneSimulator = Release|iPhoneSimulator
		Debug|iPhone = Debug|iPhone
		Release|iPhone = Release|iPhone
	EndGlobalSection
	GlobalSection(ProjectConfigurationPlatforms) = postSolution
		{60AC8108-D8D2-4777-BD78-DE9AE34341EE}.Debug|iPhoneSimulator.ActiveCfg = Debug|iPhoneSimulator
		{60AC8108-D8D2-4777-BD78-DE9AE34341EE}.Debug|iPhoneSimulator.Build.0 = Debug|iPhoneSimulator
		{60AC8108-D8D2-4777-BD78-DE9AE34341EE}.Release|iPhoneSimulator.ActiveCfg = Release|iPhoneSimulator
		{60AC8108-D8D2-4777-BD78-DE9AE34341EE}.Release|iPhoneSimulator.Build.0 = Release|iPhoneSimulator
		{60AC8108-D8D2-4777-BD78-DE9AE34341EE}.Debug|iPhone.ActiveCfg = Debug|iPhone
		{60AC8108-D8D2-4777-BD78-DE9AE34341EE}.Debug|iPhone.Build.0 = Debug|iPhone
		{60AC8108-D8D2-4777-BD78-DE9AE34341EE}.Release|iPhone.ActiveCfg = Release|iPhone
		{60AC8108-D8D2-4777-BD78-DE9AE34341EE}.Release|iPhone.Build.0 = Release|iPhone
	EndGlobalSection
EndGlobal
